
Microsoft Visual Studio Solution File, Format Version 12.00
# Visual Studio Version 16
VisualStudioVersion = 16.0.30503.244
MinimumVisualStudioVersion = 10.0.40219.1
Project("{FAE04EC0-301F-11D3-BF4B-00C04F79EFBC}") = "BlackBook", "BlackBook\BlackBook.csproj", "{D1EEAB0B-C2D2-4261-ABAE-0BCC3991B187}"
EndProject
Global
	GlobalSection(SolutionConfigurationPlatforms) = preSolution
		Debug|Any CPU = Debug|Any CPU
		Release|Any CPU = Release|Any CPU
	EndGlobalSection
	GlobalSection(ProjectConfigurationPlatforms) = postSolution
		{D1EEAB0B-C2D2-4261-ABAE-0BCC3991B187}.Debug|Any CPU.ActiveCfg = Debug|Any CPU
		{D1EEAB0B-C2D2-4261-ABAE-0BCC3991B187}.Debug|Any CPU.Build.0 = Debug|Any CPU
		{D1EEAB0B-C2D2-4261-ABAE-0BCC3991B187}.Release|Any CPU.ActiveCfg = Release|Any CPU
		{D1EEAB0B-C2D2-4261-ABAE-0BCC3991B187}.Release|Any CPU.Build.0 = Release|Any CPU
	EndGlobalSection
	GlobalSection(SolutionProperties) = preSolution
		HideSolutionNode = FALSE
	EndGlobalSection
	GlobalSection(ExtensibilityGlobals) = postSolution
		SolutionGuid = {2BDFFECC-55FE-42CA-8271-55915DA3A4E4}
	EndGlobalSection
EndGlobal
